
Microsoft Visual Studio Solution File, Format Version 12.00
# Visual Studio Version 16
VisualStudioVersion = 16.0.31321.278
MinimumVisualStudioVersion = 10.0.40219.1
Project("{FAE04EC0-301F-11D3-BF4B-00C04F79EFBC}") = "app-movie", "app-movie\app-movie.csproj", "{43A0DE80-D72E-495D-AB8B-F2F8ED48CFBA}"
EndProject
Global
	GlobalSection(SolutionConfigurationPlatforms) = preSolution
		Debug|Any CPU = Debug|Any CPU
		Release|Any CPU = Release|Any CPU
	EndGlobalSection
	GlobalSection(ProjectConfigurationPlatforms) = postSolution
		{43A0DE80-D72E-495D-AB8B-F2F8ED48CFBA}.Debug|Any CPU.ActiveCfg = Debug|Any CPU
		{43A0DE80-D72E-495D-AB8B-F2F8ED48CFBA}.Debug|Any CPU.Build.0 = Debug|Any CPU
		{43A0DE80-D72E-495D-AB8B-F2F8ED48CFBA}.Release|Any CPU.ActiveCfg = Release|Any CPU
		{43A0DE80-D72E-495D-AB8B-F2F8ED48CFBA}.Release|Any CPU.Build.0 = Release|Any CPU
	EndGlobalSection
	GlobalSection(SolutionProperties) = preSolution
		HideSolutionNode = FALSE
	EndGlobalSection
	GlobalSection(ExtensibilityGlobals) = postSolution
		SolutionGuid = {1102CE9D-1D2F-4A5F-981A-153CA821249C}
	EndGlobalSection
EndGlobal
